
Microsoft Visual Studio Solution File, Format Version 12.00
# Visual Studio Version 17
VisualStudioVersion = 17.3.32804.467
MinimumVisualStudioVersion = 10.0.40219.1
Project("{FAE04EC0-301F-11D3-BF4B-00C04F79EFBC}") = "ChatApp.WebApi", "ChatApp.WebApi\ChatApp.WebApi.csproj", "{5D0B4822-CD61-4F68-B34B-4C723F7C3CD8}"
EndProject
Project("{FAE04EC0-301F-11D3-BF4B-00C04F79EFBC}") = "ChatApp.DataLayer", "ChatApp.DataLayer\ChatApp.DataLayer.csproj", "{A6C277D2-C4A6-4AEF-AF50-041AD689CBD2}"
EndProject
Project("{FAE04EC0-301F-11D3-BF4B-00C04F79EFBC}") = "ChatApp.Business", "ChatApp.Business\ChatApp.Business.csproj", "{31AB44E8-3295-4A21-877A-F3671E8EFD44}"
EndProject
Project("{FAE04EC0-301F-11D3-BF4B-00C04F79EFBC}") = "ChatApp.Common", "ChatApp.Common\ChatApp.Common.csproj", "{DFB87235-682E-4463-9045-9085C5D183BA}"
EndProject
Global
	GlobalSection(SolutionConfigurationPlatforms) = preSolution
		Debug|Any CPU = Debug|Any CPU
		Release|Any CPU = Release|Any CPU
	EndGlobalSection
	GlobalSection(ProjectConfigurationPlatforms) = postSolution
		{5D0B4822-CD61-4F68-B34B-4C723F7C3CD8}.Debug|Any CPU.ActiveCfg = Debug|Any CPU
		{5D0B4822-CD61-4F68-B34B-4C723F7C3CD8}.Debug|Any CPU.Build.0 = Debug|Any CPU
		{5D0B4822-CD61-4F68-B34B-4C723F7C3CD8}.Release|Any CPU.ActiveCfg = Release|Any CPU
		{5D0B4822-CD61-4F68-B34B-4C723F7C3CD8}.Release|Any CPU.Build.0 = Release|Any CPU
		{A6C277D2-C4A6-4AEF-AF50-041AD689CBD2}.Debug|Any CPU.ActiveCfg = Debug|Any CPU
		{A6C277D2-C4A6-4AEF-AF50-041AD689CBD2}.Debug|Any CPU.Build.0 = Debug|Any CPU
		{A6C277D2-C4A6-4AEF-AF50-041AD689CBD2}.Release|Any CPU.ActiveCfg = Release|Any CPU
		{A6C277D2-C4A6-4AEF-AF50-041AD689CBD2}.Release|Any CPU.Build.0 = Release|Any CPU
		{31AB44E8-3295-4A21-877A-F3671E8EFD44}.Debug|Any CPU.ActiveCfg = Debug|Any CPU
		{31AB44E8-3295-4A21-877A-F3671E8EFD44}.Debug|Any CPU.Build.0 = Debug|Any CPU
		{31AB44E8-3295-4A21-877A-F3671E8EFD44}.Release|Any CPU.ActiveCfg = Release|Any CPU
		{31AB44E8-3295-4A21-877A-F3671E8EFD44}.Release|Any CPU.Build.0 = Release|Any CPU
		{DFB87235-682E-4463-9045-9085C5D183BA}.Debug|Any CPU.ActiveCfg = Debug|Any CPU
		{DFB87235-682E-4463-9045-9085C5D183BA}.Debug|Any CPU.Build.0 = Debug|Any CPU
		{DFB87235-682E-4463-9045-9085C5D183BA}.Release|Any CPU.ActiveCfg = Release|Any CPU
		{DFB87235-682E-4463-9045-9085C5D183BA}.Release|Any CPU.Build.0 = Release|Any CPU
	EndGlobalSection
	GlobalSection(SolutionProperties) = preSolution
		HideSolutionNode = FALSE
	EndGlobalSection
	GlobalSection(ExtensibilityGlobals) = postSolution
		SolutionGuid = {B4A81ABA-B57D-41EC-B035-4BF3AF153910}
	EndGlobalSection
EndGlobal
